PODS:
  - Alamofire (5.0.0)
  - Differentiator (4.0.1)
  - FSPagerView (0.8.3)
  - HandyJSON (5.0.0-beta.1)
  - Kingfisher (5.13.1):
    - Kingfisher/Core (= 5.13.1)
  - Kingfisher/Core (5.13.1)
  - MJRefresh (3.3.1)
  - Moya (14.0.0):
    - Moya/Core (= 14.0.0)
  - Moya-ObjectMapper (2.9):
    - Moya-ObjectMapper/Core (= 2.9)
  - Moya-ObjectMapper/Core (2.9):
    - Moya (~> 14.0.0-beta.6)
    - ObjectMapper
  - Moya-ObjectMapper/RxSwift (2.9):
    - Moya-ObjectMapper/Core
    - Moya/RxSwift
    - RxSwift
  - Moya/Core (14.0.0):
    - Alamofire (~> 5.0)
  - Moya/RxSwift (14.0.0):
    - Moya/Core
    - RxSwift (~> 5.0)
  - ObjectMapper (3.5.1)
  - RxCocoa (5.0.1):
    - RxRelay (~> 5)
    - RxSwift (~> 5)
  - RxDataSources (4.0.1):
    - Differentiator (~> 4.0)
    - RxCocoa (~> 5.0)
    - RxSwift (~> 5.0)
  - RxRelay (5.0.1):
    - RxSwift (~> 5)
  - RxSwift (5.0.1)
  - SDWebImage (5.5.2):
    - SDWebImage/Core (= 5.5.2)
  - SDWebImage/Core (5.5.2)
  - SnapKit (5.0.1)
  - StreamingKit (0.1.30)
  - SVProgressHUD (2.2.5)
  - SwiftyJSON (5.0.0)

DEPENDENCIES:
  - FSPagerView
  - HandyJSON (from `https://github.com/alibaba/HandyJSON.git`, branch `dev_for_swift5.0`)
  - Kingfisher
  - MJRefresh
  - Moya (~> 14.0)
  - Moya-ObjectMapper
  - Moya-ObjectMapper/RxSwift
  - Moya/RxSwift (~> 14.0)
  - ObjectMapper
  - RxCocoa
  - RxDataSources
  - RxSwift
  - SDWebImage
  - SnapKit
  - StreamingKit
  - SVProgressHUD
  - SwiftyJSON

SPEC REPOS:
  trunk:
    - Alamofire
    - Differentiator
    - FSPagerView
    - Kingfisher
    - MJRefresh
    - Moya
    - Moya-ObjectMapper
    - ObjectMapper
    - RxCocoa
    - RxDataSources
    - RxRelay
    - RxSwift
    - SDWebImage
    - SnapKit
    - StreamingKit
    - SVProgressHUD
    - SwiftyJSON

EXTERNAL SOURCES:
  HandyJSON:
    :branch: dev_for_swift5.0
    :git: https://github.com/alibaba/HandyJSON.git

CHECKOUT OPTIONS:
  HandyJSON:
    :commit: a2ba4e537711ae1fcd9183679c4db878eb171a78
    :git: https://github.com/alibaba/HandyJSON.git

SPEC CHECKSUMS:
  Alamofire: 58ff2bfb8daaacaa233d5c36e37b10a5248f59b1
  Differentiator: 886080237d9f87f322641dedbc5be257061b0602
  FSPagerView: 670405b2f18e2a87fa37f20b00de783e562c25a8
  HandyJSON: 582477127ab3ab65bd2e471815f1a7b846856978
  Kingfisher: f33a848445e33c543620812158dc5d47f6bf90df
  MJRefresh: eeda70fbf0ad277f3178cef1cd0c3532591d6237
  Moya: 5b45dacb75adb009f97fde91c204c1e565d31916
  Moya-ObjectMapper: 967a99d9ea3aa9c93ddbe112aeca3667f53bfe93
  ObjectMapper: 70187b8941977c62ccfb423caf6b50be405cabf0
  RxCocoa: e741b9749968e8a143e2b787f1dfbff2b63d0a5c
  RxDataSources: efee07fa4de48477eca0a4611e6d11e2da9c1114
  RxRelay: 89d54507f4fd4d969e6ec1d4bd7f3673640b4640
  RxSwift: e2dc62b366a3adf6a0be44ba9f405efd4c94e0c4
  SDWebImage: 4d5c027c935438f341ed33dbac53ff9f479922ca
  SnapKit: 97b92857e3df3a0c71833cce143274bf6ef8e5eb
  StreamingKit: 70ca8608c206864b4d54a577eacb3c8bf7c72209
  SVProgressHUD: 1428aafac632c1f86f62aa4243ec12008d7a51d6
  SwiftyJSON: 36413e04c44ee145039d332b4f4e2d3e8d6c4db7

PODFILE CHECKSUM: 41047f12af8537bbbd837cfb03677601211eff70

COCOAPODS: 1.9.0.beta.2
