// !$*UTF8*$!
{
	archiveVersion = 1;
	classes = {
	};
	objectVersion = 51;
	objects = {

/* Begin PBXBuildFile section */
		520BFD0C228E9EFB006F9C49 /* CGMKViewModel.swift in Sources */ = {isa = PBXBuildFile; fileRef = 520BFD0B228E9EFB006F9C49 /* CGMKViewModel.swift */; };
		520BFD12228EB37A006F9C49 /* MKHomeRecApi.swift in Sources */ = {isa = PBXBuildFile; fileRef = 520BFD11228EB37A006F9C49 /* MKHomeRecApi.swift */; };
		52109CA1228D5CED008A93E4 /* AppDelegate.swift in Sources */ = {isa = PBXBuildFile; fileRef = 52109CA0228D5CED008A93E4 /* AppDelegate.swift */; };
		52109CA3228D5CED008A93E4 /* ViewController.swift in Sources */ = {isa = PBXBuildFile; fileRef = 52109CA2228D5CED008A93E4 /* ViewController.swift */; };
		52109CA8228D5CEF008A93E4 /* Assets.xcassets in Resources */ = {isa = PBXBuildFile; fileRef = 52109CA7228D5CEF008A93E4 /* Assets.xcassets */; };
		52109CAB228D5CEF008A93E4 /* LaunchScreen.storyboard in Resources */ = {isa = PBXBuildFile; fileRef = 52109CA9228D5CEF008A93E4 /* LaunchScreen.storyboard */; };
		52109CEF228D68F0008A93E4 /* CGNoteViewController.swift in Sources */ = {isa = PBXBuildFile; fileRef = 52109CD3228D68EF008A93E4 /* CGNoteViewController.swift */; };
		52109CF0228D68F0008A93E4 /* CGBaseViewController.swift in Sources */ = {isa = PBXBuildFile; fileRef = 52109CD5228D68EF008A93E4 /* CGBaseViewController.swift */; };
		52109CF1228D68F0008A93E4 /* CGConst.swift in Sources */ = {isa = PBXBuildFile; fileRef = 52109CD6228D68EF008A93E4 /* CGConst.swift */; };
		52109CF2228D68F0008A93E4 /* CGMineViewController.swift in Sources */ = {isa = PBXBuildFile; fileRef = 52109CD8228D68EF008A93E4 /* CGMineViewController.swift */; };
		52109CF3228D68F0008A93E4 /* CGNavigationViewController.swift in Sources */ = {isa = PBXBuildFile; fileRef = 52109CD9228D68EF008A93E4 /* CGNavigationViewController.swift */; };
		52109CF4228D68F0008A93E4 /* CGVCContainer.swift in Sources */ = {isa = PBXBuildFile; fileRef = 52109CDB228D68F0008A93E4 /* CGVCContainer.swift */; };
		52109CF5228D68F0008A93E4 /* CGVCContainerBar.swift in Sources */ = {isa = PBXBuildFile; fileRef = 52109CDC228D68F0008A93E4 /* CGVCContainerBar.swift */; };
		52109CF6228D68F0008A93E4 /* CGViewContainer.swift in Sources */ = {isa = PBXBuildFile; fileRef = 52109CDD228D68F0008A93E4 /* CGViewContainer.swift */; };
		52109CF7228D68F0008A93E4 /* CGHomeBattleVC.swift in Sources */ = {isa = PBXBuildFile; fileRef = 52109CE0228D68F0008A93E4 /* CGHomeBattleVC.swift */; };
		52109CF8228D68F0008A93E4 /* CGHomeFreeVC.swift in Sources */ = {isa = PBXBuildFile; fileRef = 52109CE2228D68F0008A93E4 /* CGHomeFreeVC.swift */; };
		52109CF9228D68F0008A93E4 /* CGHomeColumnVC.swift in Sources */ = {isa = PBXBuildFile; fileRef = 52109CE4228D68F0008A93E4 /* CGHomeColumnVC.swift */; };
		52109CFA228D68F0008A93E4 /* CGHomeViewController.swift in Sources */ = {isa = PBXBuildFile; fileRef = 52109CE6228D68F0008A93E4 /* CGHomeViewController.swift */; };
		52109CFB228D68F0008A93E4 /* CGHomeRecommendVC.swift in Sources */ = {isa = PBXBuildFile; fileRef = 52109CE9228D68F0008A93E4 /* CGHomeRecommendVC.swift */; };
		52109CFC228D68F0008A93E4 /* CGHomeJobVC.swift in Sources */ = {isa = PBXBuildFile; fileRef = 52109CEB228D68F0008A93E4 /* CGHomeJobVC.swift */; };
		52109CFD228D68F0008A93E4 /* CGTabBarController.swift in Sources */ = {isa = PBXBuildFile; fileRef = 52109CEC228D68F0008A93E4 /* CGTabBarController.swift */; };
		52109CFE228D68F0008A93E4 /* CGAccountViewController.swift in Sources */ = {isa = PBXBuildFile; fileRef = 52109CEE228D68F0008A93E4 /* CGAccountViewController.swift */; };
		52109D01228D7AA2008A93E4 /* MKCourseCell.swift in Sources */ = {isa = PBXBuildFile; fileRef = 52109D00228D7AA2008A93E4 /* MKCourseCell.swift */; };
		52109D05228D818C008A93E4 /* UIColor+Extension.swift in Sources */ = {isa = PBXBuildFile; fileRef = 52109D04228D818C008A93E4 /* UIColor+Extension.swift */; };
		52248E5B23B4A97400AC61A5 /* CGDetailVC.swift in Sources */ = {isa = PBXBuildFile; fileRef = 52248E5A23B4A97400AC61A5 /* CGDetailVC.swift */; };
		5230FF7423B1FA8F006B3943 /* WebP.framework in Frameworks */ = {isa = PBXBuildFile; fileRef = 5230FF7323B1FA8F006B3943 /* WebP.framework */; };
		524E08DA23D5643B0017D441 /* MKHomeRecVM.swift in Sources */ = {isa = PBXBuildFile; fileRef = 524E08D923D5643B0017D441 /* MKHomeRecVM.swift */; };
		524E08DE23D825070017D441 /* JobModel.swift in Sources */ = {isa = PBXBuildFile; fileRef = 524E08DD23D825070017D441 /* JobModel.swift */; };
		524E08E323D840880017D441 /* JobAPI.swift in Sources */ = {isa = PBXBuildFile; fileRef = 524E08E223D840880017D441 /* JobAPI.swift */; };
		525083872403C0EA00346088 /* GitHubNetworkService.swift in Sources */ = {isa = PBXBuildFile; fileRef = 525083862403C0EA00346088 /* GitHubNetworkService.swift */; };
		525CD303229553A3006C642C /* NewsModel.swift in Sources */ = {isa = PBXBuildFile; fileRef = 525CD302229553A3006C642C /* NewsModel.swift */; };
		52896AD32403A0C1007312F5 /* GitHubViewModel.swift in Sources */ = {isa = PBXBuildFile; fileRef = 52896AD22403A0C1007312F5 /* GitHubViewModel.swift */; };
		5298526923FA86D600E0690A /* CGUIViewController + Rx.swift in Sources */ = {isa = PBXBuildFile; fileRef = 5298526723FA86D600E0690A /* CGUIViewController + Rx.swift */; };
		5298526A23FA86D600E0690A /* RxObjectMapper.swift in Sources */ = {isa = PBXBuildFile; fileRef = 5298526823FA86D600E0690A /* RxObjectMapper.swift */; };
		5298526C23FA86E800E0690A /* MJRefresh + Rx.swift in Sources */ = {isa = PBXBuildFile; fileRef = 5298526B23FA86E800E0690A /* MJRefresh + Rx.swift */; };
		5298527A23FBE02700E0690A /* NetworkService.swift in Sources */ = {isa = PBXBuildFile; fileRef = 5298527923FBE02700E0690A /* NetworkService.swift */; };
		529852F423FD202600E0690A /* JobNetworkService.swift in Sources */ = {isa = PBXBuildFile; fileRef = 529852F323FD202600E0690A /* JobNetworkService.swift */; };
		529852F623FD244C00E0690A /* JobViewModel.swift in Sources */ = {isa = PBXBuildFile; fileRef = 529852F523FD244C00E0690A /* JobViewModel.swift */; };
		5298532323FE7EDF00E0690A /* GitHubApi.swift in Sources */ = {isa = PBXBuildFile; fileRef = 5298532223FE7EDF00E0690A /* GitHubApi.swift */; };
		5298532823FE885000E0690A /* GitHubModel.swift in Sources */ = {isa = PBXBuildFile; fileRef = 5298532723FE885000E0690A /* GitHubModel.swift */; };
		A9E0E0FCDACDF9EEAAA89D42 /* Pods_CGMK.framework in Frameworks */ = {isa = PBXBuildFile; fileRef = 9DCF18986683A637D40E064F /* Pods_CGMK.framework */; };
		C243BEFB80DE3540A3B692FD /* Pods_CGMK.framework in Frameworks */ = {isa = PBXBuildFile; fileRef = 95AD765F674A80D85CA0D62D /* Pods_CGMK.framework */; };
/* End PBXBuildFile section */

/* Begin PBXFileReference section */
		046689D92CC4B9F02B095E33 /* Pods-CGMK.release.xcconfig */ = {isa = PBXFileReference; includeInIndex = 1; lastKnownFileType = text.xcconfig; name = "Pods-CGMK.release.xcconfig"; path = "Target Support Files/Pods-CGMK/Pods-CGMK.release.xcconfig"; sourceTree = "<group>"; };
		520BFD0B228E9EFB006F9C49 /* CGMKViewModel.swift */ = {isa = PBXFileReference; lastKnownFileType = sourcecode.swift; path = CGMKViewModel.swift; sourceTree = "<group>"; };
		520BFD11228EB37A006F9C49 /* MKHomeRecApi.swift */ = {isa = PBXFileReference; lastKnownFileType = sourcecode.swift; path = MKHomeRecApi.swift; sourceTree = "<group>"; };
		52109C9D228D5CED008A93E4 /* CGMK.app */ = {isa = PBXFileReference; explicitFileType = wrapper.application; includeInIndex = 0; path = CGMK.app; sourceTree = BUILT_PRODUCTS_DIR; };
		52109CA0228D5CED008A93E4 /* AppDelegate.swift */ = {isa = PBXFileReference; lastKnownFileType = sourcecode.swift; path = AppDelegate.swift; sourceTree = "<group>"; };
		52109CA2228D5CED008A93E4 /* ViewController.swift */ = {isa = PBXFileReference; lastKnownFileType = sourcecode.swift; path = ViewController.swift; sourceTree = "<group>"; };
		52109CA7228D5CEF008A93E4 /* Assets.xcassets */ = {isa = PBXFileReference; lastKnownFileType = folder.assetcatalog; path = Assets.xcassets; sourceTree = "<group>"; };
		52109CAA228D5CEF008A93E4 /* Base */ = {isa = PBXFileReference; lastKnownFileType = file.storyboard; name = Base; path = Base.lproj/LaunchScreen.storyboard; sourceTree = "<group>"; };
		52109CAC228D5CEF008A93E4 /* Info.plist */ = {isa = PBXFileReference; lastKnownFileType = text.plist.xml; path = Info.plist; sourceTree = "<group>"; };
		52109CD3228D68EF008A93E4 /* CGNoteViewController.swift */ = {isa = PBXFileReference; fileEncoding = 4; lastKnownFileType = sourcecode.swift; path = CGNoteViewController.swift; sourceTree = "<group>"; };
		52109CD5228D68EF008A93E4 /* CGBaseViewController.swift */ = {isa = PBXFileReference; fileEncoding = 4; lastKnownFileType = sourcecode.swift; path = CGBaseViewController.swift; sourceTree = "<group>"; };
		52109CD6228D68EF008A93E4 /* CGConst.swift */ = {isa = PBXFileReference; fileEncoding = 4; lastKnownFileType = sourcecode.swift; path = CGConst.swift; sourceTree = "<group>"; };
		52109CD8228D68EF008A93E4 /* CGMineViewController.swift */ = {isa = PBXFileReference; fileEncoding = 4; lastKnownFileType = sourcecode.swift; path = CGMineViewController.swift; sourceTree = "<group>"; };
		52109CD9228D68EF008A93E4 /* CGNavigationViewController.swift */ = {isa = PBXFileReference; fileEncoding = 4; lastKnownFileType = sourcecode.swift; path = CGNavigationViewController.swift; sourceTree = "<group>"; };
		52109CDB228D68F0008A93E4 /* CGVCContainer.swift */ = {isa = PBXFileReference; fileEncoding = 4; lastKnownFileType = sourcecode.swift; path = CGVCContainer.swift; sourceTree = "<group>"; };
		52109CDC228D68F0008A93E4 /* CGVCContainerBar.swift */ = {isa = PBXFileReference; fileEncoding = 4; lastKnownFileType = sourcecode.swift; path = CGVCContainerBar.swift; sourceTree = "<group>"; };
		52109CDD228D68F0008A93E4 /* CGViewContainer.swift */ = {isa = PBXFileReference; fileEncoding = 4; lastKnownFileType = sourcecode.swift; path = CGViewContainer.swift; sourceTree = "<group>"; };
		52109CE0228D68F0008A93E4 /* CGHomeBattleVC.swift */ = {isa = PBXFileReference; fileEncoding = 4; lastKnownFileType = sourcecode.swift; path = CGHomeBattleVC.swift; sourceTree = "<group>"; };
		52109CE2228D68F0008A93E4 /* CGHomeFreeVC.swift */ = {isa = PBXFileReference; fileEncoding = 4; lastKnownFileType = sourcecode.swift; path = CGHomeFreeVC.swift; sourceTree = "<group>"; };
		52109CE4228D68F0008A93E4 /* CGHomeColumnVC.swift */ = {isa = PBXFileReference; fileEncoding = 4; lastKnownFileType = sourcecode.swift; path = CGHomeColumnVC.swift; sourceTree = "<group>"; };
		52109CE6228D68F0008A93E4 /* CGHomeViewController.swift */ = {isa = PBXFileReference; fileEncoding = 4; lastKnownFileType = sourcecode.swift; path = CGHomeViewController.swift; sourceTree = "<group>"; };
		52109CE9228D68F0008A93E4 /* CGHomeRecommendVC.swift */ = {isa = PBXFileReference; fileEncoding = 4; lastKnownFileType = sourcecode.swift; path = CGHomeRecommendVC.swift; sourceTree = "<group>"; };
		52109CEB228D68F0008A93E4 /* CGHomeJobVC.swift */ = {isa = PBXFileReference; fileEncoding = 4; lastKnownFileType = sourcecode.swift; path = CGHomeJobVC.swift; sourceTree = "<group>"; };
		52109CEC228D68F0008A93E4 /* CGTabBarController.swift */ = {isa = PBXFileReference; fileEncoding = 4; lastKnownFileType = sourcecode.swift; path = CGTabBarController.swift; sourceTree = "<group>"; };
		52109CEE228D68F0008A93E4 /* CGAccountViewController.swift */ = {isa = PBXFileReference; fileEncoding = 4; lastKnownFileType = sourcecode.swift; path = CGAccountViewController.swift; sourceTree = "<group>"; };
		52109D00228D7AA2008A93E4 /* MKCourseCell.swift */ = {isa = PBXFileReference; lastKnownFileType = sourcecode.swift; path = MKCourseCell.swift; sourceTree = "<group>"; };
		52109D04228D818C008A93E4 /* UIColor+Extension.swift */ = {isa = PBXFileReference; lastKnownFileType = sourcecode.swift; path = "UIColor+Extension.swift"; sourceTree = "<group>"; };
		52248E5A23B4A97400AC61A5 /* CGDetailVC.swift */ = {isa = PBXFileReference; lastKnownFileType = sourcecode.swift; path = CGDetailVC.swift; sourceTree = "<group>"; };
		5230FF7323B1FA8F006B3943 /* WebP.framework */ = {isa = PBXFileReference; lastKnownFileType = wrapper.framework; path = WebP.framework; sourceTree = "<group>"; };
		524E08D923D5643B0017D441 /* MKHomeRecVM.swift */ = {isa = PBXFileReference; fileEncoding = 4; lastKnownFileType = sourcecode.swift; path = MKHomeRecVM.swift; sourceTree = "<group>"; };
		524E08DD23D825070017D441 /* JobModel.swift */ = {isa = PBXFileReference; lastKnownFileType = sourcecode.swift; path = JobModel.swift; sourceTree = "<group>"; };
		524E08E223D840880017D441 /* JobAPI.swift */ = {isa = PBXFileReference; lastKnownFileType = sourcecode.swift; path = JobAPI.swift; sourceTree = "<group>"; };
		525083862403C0EA00346088 /* GitHubNetworkService.swift */ = {isa = PBXFileReference; lastKnownFileType = sourcecode.swift; path = GitHubNetworkService.swift; sourceTree = "<group>"; };
		525CD302229553A3006C642C /* NewsModel.swift */ = {isa = PBXFileReference; lastKnownFileType = sourcecode.swift; path = NewsModel.swift; sourceTree = "<group>"; };
		52896AD22403A0C1007312F5 /* GitHubViewModel.swift */ = {isa = PBXFileReference; lastKnownFileType = sourcecode.swift; path = GitHubViewModel.swift; sourceTree = "<group>"; };
		5298526723FA86D600E0690A /* CGUIViewController + Rx.swift */ = {isa = PBXFileReference; fileEncoding = 4; lastKnownFileType = sourcecode.swift; path = "CGUIViewController + Rx.swift"; sourceTree = "<group>"; };
		5298526823FA86D600E0690A /* RxObjectMapper.swift */ = {isa = PBXFileReference; fileEncoding = 4; lastKnownFileType = sourcecode.swift; path = RxObjectMapper.swift; sourceTree = "<group>"; };
		5298526B23FA86E800E0690A /* MJRefresh + Rx.swift */ = {isa = PBXFileReference; lastKnownFileType = sourcecode.swift; path = "MJRefresh + Rx.swift"; sourceTree = "<group>"; };
		5298527923FBE02700E0690A /* NetworkService.swift */ = {isa = PBXFileReference; lastKnownFileType = sourcecode.swift; path = NetworkService.swift; sourceTree = "<group>"; };
		529852F323FD202600E0690A /* JobNetworkService.swift */ = {isa = PBXFileReference; lastKnownFileType = sourcecode.swift; path = JobNetworkService.swift; sourceTree = "<group>"; };
		529852F523FD244C00E0690A /* JobViewModel.swift */ = {isa = PBXFileReference; lastKnownFileType = sourcecode.swift; path = JobViewModel.swift; sourceTree = "<group>"; };
		5298532223FE7EDF00E0690A /* GitHubApi.swift */ = {isa = PBXFileReference; lastKnownFileType = sourcecode.swift; path = GitHubApi.swift; sourceTree = "<group>"; };
		5298532723FE885000E0690A /* GitHubModel.swift */ = {isa = PBXFileReference; lastKnownFileType = sourcecode.swift; path = GitHubModel.swift; sourceTree = "<group>"; };
		6F3531A5A96ADBCA49A99A1C /* Pods-CGMK.debug.xcconfig */ = {isa = PBXFileReference; includeInIndex = 1; lastKnownFileType = text.xcconfig; name = "Pods-CGMK.debug.xcconfig"; path = "Target Support Files/Pods-CGMK/Pods-CGMK.debug.xcconfig"; sourceTree = "<group>"; };
		95AD765F674A80D85CA0D62D /* Pods_CGMK.framework */ = {isa = PBXFileReference; explicitFileType = wrapper.framework; includeInIndex = 0; path = Pods_CGMK.framework; sourceTree = BUILT_PRODUCTS_DIR; };
		9DCF18986683A637D40E064F /* Pods_CGMK.framework */ = {isa = PBXFileReference; explicitFileType = wrapper.framework; includeInIndex = 0; path = Pods_CGMK.framework; sourceTree = BUILT_PRODUCTS_DIR; };
/* End PBXFileReference section */

/* Begin PBXFrameworksBuildPhase section */
		52109C9A228D5CED008A93E4 /* Frameworks */ = {
			isa = PBXFrameworksBuildPhase;
			buildActionMask = 2147483647;
			files = (
				5230FF7423B1FA8F006B3943 /* WebP.framework in Frameworks */,
				A9E0E0FCDACDF9EEAAA89D42 /* Pods_CGMK.framework in Frameworks */,
				C243BEFB80DE3540A3B692FD /* Pods_CGMK.framework in Frameworks */,
			);
			runOnlyForDeploymentPostprocessing = 0;
		};
/* End PBXFrameworksBuildPhase section */

/* Begin PBXGroup section */
		3F7EB65DB65A856DACCAD067 /* Pods */ = {
			isa = PBXGroup;
			children = (
				6F3531A5A96ADBCA49A99A1C /* Pods-CGMK.debug.xcconfig */,
				046689D92CC4B9F02B095E33 /* Pods-CGMK.release.xcconfig */,
			);
			path = Pods;
			sourceTree = "<group>";
		};
		520BFD0A228E9ED5006F9C49 /* VM */ = {
			isa = PBXGroup;
			children = (
				5298527923FBE02700E0690A /* NetworkService.swift */,
				524E08D923D5643B0017D441 /* MKHomeRecVM.swift */,
			);
			path = VM;
			sourceTree = "<group>";
		};
		520BFD0D228E9F0B006F9C49 /* Base */ = {
			isa = PBXGroup;
			children = (
				520BFD0B228E9EFB006F9C49 /* CGMKViewModel.swift */,
			);
			path = Base;
			sourceTree = "<group>";
		};
		520BFD10228EA1AD006F9C49 /* Api */ = {
			isa = PBXGroup;
			children = (
				520BFD11228EB37A006F9C49 /* MKHomeRecApi.swift */,
			);
			path = Api;
			sourceTree = "<group>";
		};
		52109C94228D5CED008A93E4 = {
			isa = PBXGroup;
			children = (
				52109C9F228D5CED008A93E4 /* CGMK */,
				5230FF7223B1FA8F006B3943 /* Frameworks */,
				52109C9E228D5CED008A93E4 /* Products */,
				3F7EB65DB65A856DACCAD067 /* Pods */,
				EEB2477B5E4D5FDF19408F6E /* Frameworks */,
			);
			sourceTree = "<group>";
		};
		52109C9E228D5CED008A93E4 /* Products */ = {
			isa = PBXGroup;
			children = (
				52109C9D228D5CED008A93E4 /* CGMK.app */,
			);
			name = Products;
			sourceTree = "<group>";
		};
		52109C9F228D5CED008A93E4 /* CGMK */ = {
			isa = PBXGroup;
			children = (
				5298526623FA868300E0690A /* RxExtension */,
				52109CED228D68F0008A93E4 /* Account */,
				52109CD9228D68EF008A93E4 /* CGNavigationViewController.swift */,
				52109CEC228D68F0008A93E4 /* CGTabBarController.swift */,
				52109CD4228D68EF008A93E4 /* Common */,
				52109CDE228D68F0008A93E4 /* Home */,
				52109CD7228D68EF008A93E4 /* Mine */,
				52248E5923B4A95A00AC61A5 /* Detail */,
				52109CD2228D68EF008A93E4 /* Note */,
				52109CDA228D68EF008A93E4 /* VCContainer */,
				52109CA0228D5CED008A93E4 /* AppDelegate.swift */,
				52109CA2228D5CED008A93E4 /* ViewController.swift */,
				52109CA7228D5CEF008A93E4 /* Assets.xcassets */,
				52109CA9228D5CEF008A93E4 /* LaunchScreen.storyboard */,
				52109CAC228D5CEF008A93E4 /* Info.plist */,
			);
			path = CGMK;
			sourceTree = "<group>";
		};
		52109CD2228D68EF008A93E4 /* Note */ = {
			isa = PBXGroup;
			children = (
				52109CD3228D68EF008A93E4 /* CGNoteViewController.swift */,
			);
			path = Note;
			sourceTree = "<group>";
		};
		52109CD4228D68EF008A93E4 /* Common */ = {
			isa = PBXGroup;
			children = (
				520BFD0D228E9F0B006F9C49 /* Base */,
				52109D03228D80DC008A93E4 /* FoundationCategory */,
				52109D02228D80BF008A93E4 /* UIKitCategory */,
				52109CD5228D68EF008A93E4 /* CGBaseViewController.swift */,
				52109CD6228D68EF008A93E4 /* CGConst.swift */,
			);
			path = Common;
			sourceTree = "<group>";
		};
		52109CD7228D68EF008A93E4 /* Mine */ = {
			isa = PBXGroup;
			children = (
				52109CD8228D68EF008A93E4 /* CGMineViewController.swift */,
			);
			path = Mine;
			sourceTree = "<group>";
		};
		52109CDA228D68EF008A93E4 /* VCContainer */ = {
			isa = PBXGroup;
			children = (
				52109CDB228D68F0008A93E4 /* CGVCContainer.swift */,
				52109CDC228D68F0008A93E4 /* CGVCContainerBar.swift */,
				52109CDD228D68F0008A93E4 /* CGViewContainer.swift */,
			);
			path = VCContainer;
			sourceTree = "<group>";
		};
		52109CDE228D68F0008A93E4 /* Home */ = {
			isa = PBXGroup;
			children = (
				52109CDF228D68F0008A93E4 /* HomeBattle */,
				52109CE1228D68F0008A93E4 /* HomeFree */,
				52109CE3228D68F0008A93E4 /* HomeColumn */,
				52109CE5228D68F0008A93E4 /* VM */,
				52109CE6228D68F0008A93E4 /* CGHomeViewController.swift */,
				52109CE7228D68F0008A93E4 /* Api */,
				52109CE8228D68F0008A93E4 /* HomeRec */,
				52109CEA228D68F0008A93E4 /* HomeJob */,
			);
			path = Home;
			sourceTree = "<group>";
		};
		52109CDF228D68F0008A93E4 /* HomeBattle */ = {
			isa = PBXGroup;
			children = (
				52109CE0228D68F0008A93E4 /* CGHomeBattleVC.swift */,
				5298532623FE7F0800E0690A /* Network */,
				5298532523FE7EFA00E0690A /* ViewModel */,
				5298532423FE7EED00E0690A /* Model */,
				5298532123FE7EAE00E0690A /* Api */,
			);
			path = HomeBattle;
			sourceTree = "<group>";
		};
		52109CE1228D68F0008A93E4 /* HomeFree */ = {
			isa = PBXGroup;
			children = (
				52109CE2228D68F0008A93E4 /* CGHomeFreeVC.swift */,
			);
			path = HomeFree;
			sourceTree = "<group>";
		};
		52109CE3228D68F0008A93E4 /* HomeColumn */ = {
			isa = PBXGroup;
			children = (
				52109CE4228D68F0008A93E4 /* CGHomeColumnVC.swift */,
			);
			path = HomeColumn;
			sourceTree = "<group>";
		};
		52109CE5228D68F0008A93E4 /* VM */ = {
			isa = PBXGroup;
			children = (
			);
			path = VM;
			sourceTree = "<group>";
		};
		52109CE7228D68F0008A93E4 /* Api */ = {
			isa = PBXGroup;
			children = (
			);
			path = Api;
			sourceTree = "<group>";
		};
		52109CE8228D68F0008A93E4 /* HomeRec */ = {
			isa = PBXGroup;
			children = (
				52109CE9228D68F0008A93E4 /* CGHomeRecommendVC.swift */,
				525CD3012295537D006C642C /* Model */,
				520BFD10228EA1AD006F9C49 /* Api */,
				520BFD0A228E9ED5006F9C49 /* VM */,
				52109CFF228D79F9008A93E4 /* View */,
			);
			path = HomeRec;
			sourceTree = "<group>";
		};
		52109CEA228D68F0008A93E4 /* HomeJob */ = {
			isa = PBXGroup;
			children = (
				529852F223FD201100E0690A /* Service */,
				524E08E123D840780017D441 /* API */,
				524E08DC23D824B70017D441 /* Model */,
				524E08DB23D824B60017D441 /* VM */,
				52109CEB228D68F0008A93E4 /* CGHomeJobVC.swift */,
			);
			path = HomeJob;
			sourceTree = "<group>";
		};
		52109CED228D68F0008A93E4 /* Account */ = {
			isa = PBXGroup;
			children = (
				52109CEE228D68F0008A93E4 /* CGAccountViewController.swift */,
			);
			path = Account;
			sourceTree = "<group>";
		};
		52109CFF228D79F9008A93E4 /* View */ = {
			isa = PBXGroup;
			children = (
				52109D00228D7AA2008A93E4 /* MKCourseCell.swift */,
			);
			path = View;
			sourceTree = "<group>";
		};
		52109D02228D80BF008A93E4 /* UIKitCategory */ = {
			isa = PBXGroup;
			children = (
			);
			path = UIKitCategory;
			sourceTree = "<group>";
		};
		52109D03228D80DC008A93E4 /* FoundationCategory */ = {
			isa = PBXGroup;
			children = (
				52109D04228D818C008A93E4 /* UIColor+Extension.swift */,
			);
			path = FoundationCategory;
			sourceTree = "<group>";
		};
		52248E5923B4A95A00AC61A5 /* Detail */ = {
			isa = PBXGroup;
			children = (
				52248E5A23B4A97400AC61A5 /* CGDetailVC.swift */,
			);
			name = Detail;
			path = CGMK/Detail;
			sourceTree = SOURCE_ROOT;
		};
		5230FF7223B1FA8F006B3943 /* Frameworks */ = {
			isa = PBXGroup;
			children = (
				5230FF7323B1FA8F006B3943 /* WebP.framework */,
				95AD765F674A80D85CA0D62D /* Pods_CGMK.framework */,
			);
			path = Frameworks;
			sourceTree = "<group>";
		};
		524E08DB23D824B60017D441 /* VM */ = {
			isa = PBXGroup;
			children = (
				529852F523FD244C00E0690A /* JobViewModel.swift */,
			);
			path = VM;
			sourceTree = "<group>";
		};
		524E08DC23D824B70017D441 /* Model */ = {
			isa = PBXGroup;
			children = (
				524E08DD23D825070017D441 /* JobModel.swift */,
			);
			path = Model;
			sourceTree = "<group>";
		};
		524E08E123D840780017D441 /* API */ = {
			isa = PBXGroup;
			children = (
				524E08E223D840880017D441 /* JobAPI.swift */,
			);
			path = API;
			sourceTree = "<group>";
		};
		525CD3012295537D006C642C /* Model */ = {
			isa = PBXGroup;
			children = (
				525CD302229553A3006C642C /* NewsModel.swift */,
			);
			path = Model;
			sourceTree = "<group>";
		};
		5298526623FA868300E0690A /* RxExtension */ = {
			isa = PBXGroup;
			children = (
				5298526723FA86D600E0690A /* CGUIViewController + Rx.swift */,
				5298526823FA86D600E0690A /* RxObjectMapper.swift */,
				5298526B23FA86E800E0690A /* MJRefresh + Rx.swift */,
			);
			path = RxExtension;
			sourceTree = "<group>";
		};
		529852F223FD201100E0690A /* Service */ = {
			isa = PBXGroup;
			children = (
				529852F323FD202600E0690A /* JobNetworkService.swift */,
			);
			path = Service;
			sourceTree = "<group>";
		};
		5298532123FE7EAE00E0690A /* Api */ = {
			isa = PBXGroup;
			children = (
				5298532223FE7EDF00E0690A /* GitHubApi.swift */,
			);
			path = Api;
			sourceTree = "<group>";
		};
		5298532423FE7EED00E0690A /* Model */ = {
			isa = PBXGroup;
			children = (
				5298532723FE885000E0690A /* GitHubModel.swift */,
			);
			path = Model;
			sourceTree = "<group>";
		};
		5298532523FE7EFA00E0690A /* ViewModel */ = {
			isa = PBXGroup;
			children = (
				52896AD22403A0C1007312F5 /* GitHubViewModel.swift */,
			);
			path = ViewModel;
			sourceTree = "<group>";
		};
		5298532623FE7F0800E0690A /* Network */ = {
			isa = PBXGroup;
			children = (
				525083862403C0EA00346088 /* GitHubNetworkService.swift */,
			);
			path = Network;
			sourceTree = "<group>";
		};
		EEB2477B5E4D5FDF19408F6E /* Frameworks */ = {
			isa = PBXGroup;
			children = (
				9DCF18986683A637D40E064F /* Pods_CGMK.framework */,
			);
			name = Frameworks;
			sourceTree = "<group>";
		};
/* End PBXGroup section */

/* Begin PBXNativeTarget section */
		52109C9C228D5CED008A93E4 /* CGMK */ = {
			isa = PBXNativeTarget;
			buildConfigurationList = 52109CAF228D5CEF008A93E4 /* Build configuration list for PBXNativeTarget "CGMK" */;
			buildPhases = (
				C1BEDE8F5B3962953E078160 /* [CP] Check Pods Manifest.lock */,
				52109C99228D5CED008A93E4 /* Sources */,
				52109C9A228D5CED008A93E4 /* Frameworks */,
				52109C9B228D5CED008A93E4 /* Resources */,
				4E1FDA83E06B3D506D2347BF /* [CP] Embed Pods Frameworks */,
			);
			buildRules = (
			);
			dependencies = (
			);
			name = CGMK;
			productName = CGMK;
			productReference = 52109C9D228D5CED008A93E4 /* CGMK.app */;
			productType = "com.apple.product-type.application";
		};
/* End PBXNativeTarget section */

/* Begin PBXProject section */
		52109C95228D5CED008A93E4 /* Project object */ = {
			isa = PBXProject;
			attributes = {
				LastSwiftUpdateCheck = 1020;
				LastUpgradeCheck = 1020;
				ORGANIZATIONNAME = chenguang;
				TargetAttributes = {
					52109C9C228D5CED008A93E4 = {
						CreatedOnToolsVersion = 10.2.1;
					};
				};
			};
			buildConfigurationList = 52109C98228D5CED008A93E4 /* Build configuration list for PBXProject "CGMK" */;
			compatibilityVersion = "Xcode 9.3";
			developmentRegion = en;
			hasScannedForEncodings = 0;
			knownRegions = (
				en,
				Base,
			);
			mainGroup = 52109C94228D5CED008A93E4;
			productRefGroup = 52109C9E228D5CED008A93E4 /* Products */;
			projectDirPath = "";
			projectRoot = "";
			targets = (
				52109C9C228D5CED008A93E4 /* CGMK */,
			);
		};
/* End PBXProject section */

/* Begin PBXResourcesBuildPhase section */
		52109C9B228D5CED008A93E4 /* Resources */ = {
			isa = PBXResourcesBuildPhase;
			buildActionMask = 2147483647;
			files = (
				52109CAB228D5CEF008A93E4 /* LaunchScreen.storyboard in Resources */,
				52109CA8228D5CEF008A93E4 /* Assets.xcassets in Resources */,
			);
			runOnlyForDeploymentPostprocessing = 0;
		};
/* End PBXResourcesBuildPhase section */

/* Begin PBXShellScriptBuildPhase section */
		4E1FDA83E06B3D506D2347BF /* [CP] Embed Pods Frameworks */ = {
			isa = PBXShellScriptBuildPhase;
			buildActionMask = 2147483647;
			files = (
			);
			inputFileListPaths = (
				"${PODS_ROOT}/Target Support Files/Pods-CGMK/Pods-CGMK-frameworks-${CONFIGURATION}-input-files.xcfilelist",
			);
			name = "[CP] Embed Pods Frameworks";
			outputFileListPaths = (
				"${PODS_ROOT}/Target Support Files/Pods-CGMK/Pods-CGMK-frameworks-${CONFIGURATION}-output-files.xcfilelist",
			);
			runOnlyForDeploymentPostprocessing = 0;
			shellPath = /bin/sh;
			shellScript = "\"${PODS_ROOT}/Target Support Files/Pods-CGMK/Pods-CGMK-frameworks.sh\"\n";
			showEnvVarsInLog = 0;
		};
		C1BEDE8F5B3962953E078160 /* [CP] Check Pods Manifest.lock */ = {
			isa = PBXShellScriptBuildPhase;
			buildActionMask = 2147483647;
			files = (
			);
			inputFileListPaths = (
			);
			inputPaths = (
				"${PODS_PODFILE_DIR_PATH}/Podfile.lock",
				"${PODS_ROOT}/Manifest.lock",
			);
			name = "[CP] Check Pods Manifest.lock";
			outputFileListPaths = (
			);
			outputPaths = (
				"$(DERIVED_FILE_DIR)/Pods-CGMK-checkManifestLockResult.txt",
			);
			runOnlyForDeploymentPostprocessing = 0;
			shellPath = /bin/sh;
			shellScript = "diff \"${PODS_PODFILE_DIR_PATH}/Podfile.lock\" \"${PODS_ROOT}/Manifest.lock\" > /dev/null\nif [ $? != 0 ] ; then\n    # print error to STDERR\n    echo \"error: The sandbox is not in sync with the Podfile.lock. Run 'pod install' or update your CocoaPods installation.\" >&2\n    exit 1\nfi\n# This output is used by Xcode 'outputs' to avoid re-running this script phase.\necho \"SUCCESS\" > \"${SCRIPT_OUTPUT_FILE_0}\"\n";
			showEnvVarsInLog = 0;
		};
/* End PBXShellScriptBuildPhase section */

/* Begin PBXSourcesBuildPhase section */
		52109C99228D5CED008A93E4 /* Sources */ = {
			isa = PBXSourcesBuildPhase;
			buildActionMask = 2147483647;
			files = (
				524E08DA23D5643B0017D441 /* MKHomeRecVM.swift in Sources */,
				524E08DE23D825070017D441 /* JobModel.swift in Sources */,
				525CD303229553A3006C642C /* NewsModel.swift in Sources */,
				5298526A23FA86D600E0690A /* RxObjectMapper.swift in Sources */,
				52109CF7228D68F0008A93E4 /* CGHomeBattleVC.swift in Sources */,
				52109CF6228D68F0008A93E4 /* CGViewContainer.swift in Sources */,
				52248E5B23B4A97400AC61A5 /* CGDetailVC.swift in Sources */,
				52109CA3228D5CED008A93E4 /* ViewController.swift in Sources */,
				529852F423FD202600E0690A /* JobNetworkService.swift in Sources */,
				52109CFC228D68F0008A93E4 /* CGHomeJobVC.swift in Sources */,
				52109CF8228D68F0008A93E4 /* CGHomeFreeVC.swift in Sources */,
				5298532823FE885000E0690A /* GitHubModel.swift in Sources */,
				5298526C23FA86E800E0690A /* MJRefresh + Rx.swift in Sources */,
				52109CF2228D68F0008A93E4 /* CGMineViewController.swift in Sources */,
				5298532323FE7EDF00E0690A /* GitHubApi.swift in Sources */,
				52896AD32403A0C1007312F5 /* GitHubViewModel.swift in Sources */,
				52109CF3228D68F0008A93E4 /* CGNavigationViewController.swift in Sources */,
				52109CF5228D68F0008A93E4 /* CGVCContainerBar.swift in Sources */,
				52109CFB228D68F0008A93E4 /* CGHomeRecommendVC.swift in Sources */,
				52109CF0228D68F0008A93E4 /* CGBaseViewController.swift in Sources */,
				52109CF4228D68F0008A93E4 /* CGVCContainer.swift in Sources */,
				52109CEF228D68F0008A93E4 /* CGNoteViewController.swift in Sources */,
				5298526923FA86D600E0690A /* CGUIViewController + Rx.swift in Sources */,
				529852F623FD244C00E0690A /* JobViewModel.swift in Sources */,
				520BFD12228EB37A006F9C49 /* MKHomeRecApi.swift in Sources */,
				52109CF9228D68F0008A93E4 /* CGHomeColumnVC.swift in Sources */,
				52109CA1228D5CED008A93E4 /* AppDelegate.swift in Sources */,
				52109CF1228D68F0008A93E4 /* CGConst.swift in Sources */,
				525083872403C0EA00346088 /* GitHubNetworkService.swift in Sources */,
				524E08E323D840880017D441 /* JobAPI.swift in Sources */,
				52109D01228D7AA2008A93E4 /* MKCourseCell.swift in Sources */,
				52109CFD228D68F0008A93E4 /* CGTabBarController.swift in Sources */,
				52109CFE228D68F0008A93E4 /* CGAccountViewController.swift in Sources */,
				52109CFA228D68F0008A93E4 /* CGHomeViewController.swift in Sources */,
				5298527A23FBE02700E0690A /* NetworkService.swift in Sources */,
				520BFD0C228E9EFB006F9C49 /* CGMKViewModel.swift in Sources */,
				52109D05228D818C008A93E4 /* UIColor+Extension.swift in Sources */,
			);
			runOnlyForDeploymentPostprocessing = 0;
		};
/* End PBXSourcesBuildPhase section */

/* Begin PBXVariantGroup section */
		52109CA9228D5CEF008A93E4 /* LaunchScreen.storyboard */ = {
			isa = PBXVariantGroup;
			children = (
				52109CAA228D5CEF008A93E4 /* Base */,
			);
			name = LaunchScreen.storyboard;
			sourceTree = "<group>";
		};
/* End PBXVariantGroup section */

/* Begin XCBuildConfiguration section */
		52109CAD228D5CEF008A93E4 /* Debug */ = {
			isa = XCBuildConfiguration;
			buildSettings = {
				ALWAYS_SEARCH_USER_PATHS = NO;
				CLANG_ANALYZER_NONNULL = YES;
				CLANG_ANALYZER_NUMBER_OBJECT_CONVERSION = YES_AGGRESSIVE;
				CLANG_CXX_LANGUAGE_STANDARD = "gnu++14";
				CLANG_CXX_LIBRARY = "libc++";
				CLANG_ENABLE_MODULES = YES;
				CLANG_ENABLE_OBJC_ARC = YES;
				CLANG_ENABLE_OBJC_WEAK = YES;
				CLANG_WARN_BLOCK_CAPTURE_AUTORELEASING = YES;
				CLANG_WARN_BOOL_CONVERSION = YES;
				CLANG_WARN_COMMA = YES;
				CLANG_WARN_CONSTANT_CONVERSION = YES;
				CLANG_WARN_DEPRECATED_OBJC_IMPLEMENTATIONS = YES;
				CLANG_WARN_DIRECT_OBJC_ISA_USAGE = YES_ERROR;
				CLANG_WARN_DOCUMENTATION_COMMENTS = YES;
				CLANG_WARN_EMPTY_BODY = YES;
				CLANG_WARN_ENUM_CONVERSION = YES;
				CLANG_WARN_INFINITE_RECURSION = YES;
				CLANG_WARN_INT_CONVERSION = YES;
				CLANG_WARN_NON_LITERAL_NULL_CONVERSION = YES;
				CLANG_WARN_OBJC_IMPLICIT_RETAIN_SELF = YES;
				CLANG_WARN_OBJC_LITERAL_CONVERSION = YES;
				CLANG_WARN_OBJC_ROOT_CLASS = YES_ERROR;
				CLANG_WARN_RANGE_LOOP_ANALYSIS = YES;
				CLANG_WARN_STRICT_PROTOTYPES = YES;
				CLANG_WARN_SUSPICIOUS_MOVE = YES;
				CLANG_WARN_UNGUARDED_AVAILABILITY = YES_AGGRESSIVE;
				CLANG_WARN_UNREACHABLE_CODE = YES;
				CLANG_WARN__DUPLICATE_METHOD_MATCH = YES;
				CODE_SIGN_IDENTITY = "iPhone Developer";
				COPY_PHASE_STRIP = NO;
				DEBUG_INFORMATION_FORMAT = dwarf;
				ENABLE_STRICT_OBJC_MSGSEND = YES;
				ENABLE_TESTABILITY = YES;
				GCC_C_LANGUAGE_STANDARD = gnu11;
				GCC_DYNAMIC_NO_PIC = NO;
				GCC_NO_COMMON_BLOCKS = YES;
				GCC_OPTIMIZATION_LEVEL = 0;
				GCC_PREPROCESSOR_DEFINITIONS = (
					"DEBUG=1",
					"$(inherited)",
				);
				GCC_WARN_64_TO_32_BIT_CONVERSION = YES;
				GCC_WARN_ABOUT_RETURN_TYPE = YES_ERROR;
				GCC_WARN_UNDECLARED_SELECTOR = YES;
				GCC_WARN_UNINITIALIZED_AUTOS = YES_AGGRESSIVE;
				GCC_WARN_UNUSED_FUNCTION = YES;
				GCC_WARN_UNUSED_VARIABLE = YES;
				IPHONEOS_DEPLOYMENT_TARGET = 12.2;
				MTL_ENABLE_DEBUG_INFO = INCLUDE_SOURCE;
				MTL_FAST_MATH = YES;
				ONLY_ACTIVE_ARCH = YES;
				SDKROOT = iphoneos;
				SWIFT_ACTIVE_COMPILATION_CONDITIONS = DEBUG;
				SWIFT_OPTIMIZATION_LEVEL = "-Onone";
			};
			name = Debug;
		};
		52109CAE228D5CEF008A93E4 /* Release */ = {
			isa = XCBuildConfiguration;
			buildSettings = {
				ALWAYS_SEARCH_USER_PATHS = NO;
				CLANG_ANALYZER_NONNULL = YES;
				CLANG_ANALYZER_NUMBER_OBJECT_CONVERSION = YES_AGGRESSIVE;
				CLANG_CXX_LANGUAGE_STANDARD = "gnu++14";
				CLANG_CXX_LIBRARY = "libc++";
				CLANG_ENABLE_MODULES = YES;
				CLANG_ENABLE_OBJC_ARC = YES;
				CLANG_ENABLE_OBJC_WEAK = YES;
				CLANG_WARN_BLOCK_CAPTURE_AUTORELEASING = YES;
				CLANG_WARN_BOOL_CONVERSION = YES;
				CLANG_WARN_COMMA = YES;
				CLANG_WARN_CONSTANT_CONVERSION = YES;
				CLANG_WARN_DEPRECATED_OBJC_IMPLEMENTATIONS = YES;
				CLANG_WARN_DIRECT_OBJC_ISA_USAGE = YES_ERROR;
				CLANG_WARN_DOCUMENTATION_COMMENTS = YES;
				CLANG_WARN_EMPTY_BODY = YES;
				CLANG_WARN_ENUM_CONVERSION = YES;
				CLANG_WARN_INFINITE_RECURSION = YES;
				CLANG_WARN_INT_CONVERSION = YES;
				CLANG_WARN_NON_LITERAL_NULL_CONVERSION = YES;
				CLANG_WARN_OBJC_IMPLICIT_RETAIN_SELF = YES;
				CLANG_WARN_OBJC_LITERAL_CONVERSION = YES;
				CLANG_WARN_OBJC_ROOT_CLASS = YES_ERROR;
				CLANG_WARN_RANGE_LOOP_ANALYSIS = YES;
				CLANG_WARN_STRICT_PROTOTYPES = YES;
				CLANG_WARN_SUSPICIOUS_MOVE = YES;
				CLANG_WARN_UNGUARDED_AVAILABILITY = YES_AGGRESSIVE;
				CLANG_WARN_UNREACHABLE_CODE = YES;
				CLANG_WARN__DUPLICATE_METHOD_MATCH = YES;
				CODE_SIGN_IDENTITY = "iPhone Developer";
				COPY_PHASE_STRIP = NO;
				DEBUG_INFORMATION_FORMAT = "dwarf-with-dsym";
				ENABLE_NS_ASSERTIONS = NO;
				ENABLE_STRICT_OBJC_MSGSEND = YES;
				GCC_C_LANGUAGE_STANDARD = gnu11;
				GCC_NO_COMMON_BLOCKS = YES;
				GCC_WARN_64_TO_32_BIT_CONVERSION = YES;
				GCC_WARN_ABOUT_RETURN_TYPE = YES_ERROR;
				GCC_WARN_UNDECLARED_SELECTOR = YES;
				GCC_WARN_UNINITIALIZED_AUTOS = YES_AGGRESSIVE;
				GCC_WARN_UNUSED_FUNCTION = YES;
				GCC_WARN_UNUSED_VARIABLE = YES;
				IPHONEOS_DEPLOYMENT_TARGET = 12.2;
				MTL_ENABLE_DEBUG_INFO = NO;
				MTL_FAST_MATH = YES;
				SDKROOT = iphoneos;
				SWIFT_COMPILATION_MODE = wholemodule;
				SWIFT_OPTIMIZATION_LEVEL = "-O";
				VALIDATE_PRODUCT = YES;
			};
			name = Release;
		};
		52109CB0228D5CEF008A93E4 /* Debug */ = {
			isa = XCBuildConfiguration;
			baseConfigurationReference = 6F3531A5A96ADBCA49A99A1C /* Pods-CGMK.debug.xcconfig */;
			buildSettings = {
				ASSETCATALOG_COMPILER_APPICON_NAME = AppIcon;
				CODE_SIGN_STYLE = Automatic;
				FRAMEWORK_SEARCH_PATHS = (
					"$(inherited)",
					"$(PROJECT_DIR)/Frameworks",
				);
				INFOPLIST_FILE = CGMK/Info.plist;
				LD_RUNPATH_SEARCH_PATHS = (
					"$(inherited)",
					"@executable_path/Frameworks",
				);
				PRODUCT_BUNDLE_IDENTIFIER = chenguang.com.CGMK;
				PRODUCT_NAME = "$(TARGET_NAME)";
				SWIFT_VERSION = 5.0;
				TARGETED_DEVICE_FAMILY = "1,2";
			};
			name = Debug;
		};
		52109CB1228D5CEF008A93E4 /* Release */ = {
			isa = XCBuildConfiguration;
			baseConfigurationReference = 046689D92CC4B9F02B095E33 /* Pods-CGMK.release.xcconfig */;
			buildSettings = {
				ASSETCATALOG_COMPILER_APPICON_NAME = AppIcon;
				CODE_SIGN_STYLE = Automatic;
				FRAMEWORK_SEARCH_PATHS = (
					"$(inherited)",
					"$(PROJECT_DIR)/Frameworks",
				);
				INFOPLIST_FILE = CGMK/Info.plist;
				LD_RUNPATH_SEARCH_PATHS = (
					"$(inherited)",
					"@executable_path/Frameworks",
				);
				PRODUCT_BUNDLE_IDENTIFIER = chenguang.com.CGMK;
				PRODUCT_NAME = "$(TARGET_NAME)";
				SWIFT_VERSION = 5.0;
				TARGETED_DEVICE_FAMILY = "1,2";
			};
			name = Release;
		};
/* End XCBuildConfiguration section */

/* Begin XCConfigurationList section */
		52109C98228D5CED008A93E4 /* Build configuration list for PBXProject "CGMK" */ = {
			isa = XCConfigurationList;
			buildConfigurations = (
				52109CAD228D5CEF008A93E4 /* Debug */,
				52109CAE228D5CEF008A93E4 /* Release */,
			);
			defaultConfigurationIsVisible = 0;
			defaultConfigurationName = Release;
		};
		52109CAF228D5CEF008A93E4 /* Build configuration list for PBXNativeTarget "CGMK" */ = {
			isa = XCConfigurationList;
			buildConfigurations = (
				52109CB0228D5CEF008A93E4 /* Debug */,
				52109CB1228D5CEF008A93E4 /* Release */,
			);
			defaultConfigurationIsVisible = 0;
			defaultConfigurationName = Release;
		};
/* End XCConfigurationList section */
	};
	rootObject = 52109C95228D5CED008A93E4 /* Project object */;
}
